// !$*UTF8*$!
{
	archiveVersion = 1;
	classes = {
	};
	objectVersion = 46;
	objects = {

/* Begin PBXBuildFile section */
		755337191D0269920075B14C /* AppDelegate.swift in Sources */ = {isa = PBXBuildFile; fileRef = 755337181D0269920075B14C /* AppDelegate.swift */; };
		7553371B1D0269920075B14C /* ViewController.swift in Sources */ = {isa = PBXBuildFile; fileRef = 7553371A1D0269920075B14C /* ViewController.swift */; };
		7553371E1D0269920075B14C /* Main.storyboard in Resources */ = {isa = PBXBuildFile; fileRef = 7553371C1D0269920075B14C /* Main.storyboard */; };
		755337201D0269920075B14C /* Assets.xcassets in Resources */ = {isa = PBXBuildFile; fileRef = 7553371F1D0269920075B14C /* Assets.xcassets */; };
		755337231D0269920075B14C /* LaunchScreen.storyboard in Resources */ = {isa = PBXBuildFile; fileRef = 755337211D0269920075B14C /* LaunchScreen.storyboard */; };
		7553372E1D0269920075B14C /* RaceTypeTests.swift in Sources */ = {isa = PBXBuildFile; fileRef = 7553372D1D0269920075B14C /* RaceTypeTests.swift */; };
		755337391D0269920075B14C /* RaceTypeUITests.swift in Sources */ = {isa = PBXBuildFile; fileRef = 755337381D0269920075B14C /* RaceTypeUITests.swift */; };
/* End PBXBuildFile section */

/* Begin PBXContainerItemProxy section */
		7553372A1D0269920075B14C /* PBXContainerItemProxy */ = {
			isa = PBXContainerItemProxy;
			containerPortal = 7553370D1D0269920075B14C /* Project object */;
			proxyType = 1;
			remoteGlobalIDString = 755337141D0269920075B14C;
			remoteInfo = RaceType;
		};
		755337351D0269920075B14C /* PBXContainerItemProxy */ = {
			isa = PBXContainerItemProxy;
			containerPortal = 7553370D1D0269920075B14C /* Project object */;
			proxyType = 1;
			remoteGlobalIDString = 755337141D0269920075B14C;
			remoteInfo = RaceType;
		};
/* End PBXContainerItemProxy section */

/* Begin PBXFileReference section */
		755337151D0269920075B14C /* RaceType.app */ = {isa = PBXFileReference; explicitFileType = wrapper.application; includeInIndex = 0; path = RaceType.app; sourceTree = BUILT_PRODUCTS_DIR; };
		755337181D0269920075B14C /* AppDelegate.swift */ = {isa = PBXFileReference; lastKnownFileType = sourcecode.swift; path = AppDelegate.swift; sourceTree = "<group>"; };
		7553371A1D0269920075B14C /* ViewController.swift */ = {isa = PBXFileReference; lastKnownFileType = sourcecode.swift; path = ViewController.swift; sourceTree = "<group>"; };
		7553371D1D0269920075B14C /* Base */ = {isa = PBXFileReference; lastKnownFileType = file.storyboard; name = Base; path = Base.lproj/Main.storyboard; sourceTree = "<group>"; };
		7553371F1D0269920075B14C /* Assets.xcassets */ = {isa = PBXFileReference; lastKnownFileType = folder.assetcatalog; path = Assets.xcassets; sourceTree = "<group>"; };
		755337221D0269920075B14C /* Base */ = {isa = PBXFileReference; lastKnownFileType = file.storyboard; name = Base; path = Base.lproj/LaunchScreen.storyboard; sourceTree = "<group>"; };
		755337241D0269920075B14C /* Info.plist */ = {isa = PBXFileReference; lastKnownFileType = text.plist.xml; path = Info.plist; sourceTree = "<group>"; };
		755337291D0269920075B14C /* RaceTypeTests.xctest */ = {isa = PBXFileReference; explicitFileType = wrapper.cfbundle; includeInIndex = 0; path = RaceTypeTests.xctest; sourceTree = BUILT_PRODUCTS_DIR; };
		7553372D1D0269920075B14C /* RaceTypeTests.swift */ = {isa = PBXFileReference; lastKnownFileType = sourcecode.swift; path = RaceTypeTests.swift; sourceTree = "<group>"; };
		7553372F1D0269920075B14C /* Info.plist */ = {isa = PBXFileReference; lastKnownFileType = text.plist.xml; path = Info.plist; sourceTree = "<group>"; };
		755337341D0269920075B14C /* RaceTypeUITests.xctest */ = {isa = PBXFileReference; explicitFileType = wrapper.cfbundle; includeInIndex = 0; path = RaceTypeUITests.xctest; sourceTree = BUILT_PRODUCTS_DIR; };
		755337381D0269920075B14C /* RaceTypeUITests.swift */ = {isa = PBXFileReference; lastKnownFileType = sourcecode.swift; path = RaceTypeUITests.swift; sourceTree = "<group>"; };
		7553373A1D0269920075B14C /* Info.plist */ = {isa = PBXFileReference; lastKnownFileType = text.plist.xml; path = Info.plist; sourceTree = "<group>"; };
/* End PBXFileReference section */

/* Begin PBXFrameworksBuildPhase section */
		755337121D0269920075B14C /* Frameworks */ = {
			isa = PBXFrameworksBuildPhase;
			buildActionMask = 2147483647;
			files = (
			);
			runOnlyForDeploymentPostprocessing = 0;
		};
		755337261D0269920075B14C /* Frameworks */ = {
			isa = PBXFrameworksBuildPhase;
			buildActionMask = 2147483647;
			files = (
			);
			runOnlyForDeploymentPostprocessing = 0;
		};
		755337311D0269920075B14C /* Frameworks */ = {
			isa = PBXFrameworksBuildPhase;
			buildActionMask = 2147483647;
			files = (
			);
			runOnlyForDeploymentPostprocessing = 0;
		};
/* End PBXFrameworksBuildPhase section */

/* Begin PBXGroup section */
		7553370C1D0269920075B14C = {
			isa = PBXGroup;
			children = (
				755337171D0269920075B14C /* RaceType */,
				7553372C1D0269920075B14C /* RaceTypeTests */,
				755337371D0269920075B14C /* RaceTypeUITests */,
				755337161D0269920075B14C /* Products */,
			);
			sourceTree = "<group>";
		};
		755337161D0269920075B14C /* Products */ = {
			isa = PBXGroup;
			children = (
				755337151D0269920075B14C /* RaceType.app */,
				755337291D0269920075B14C /* RaceTypeTests.xctest */,
				755337341D0269920075B14C /* RaceTypeUITests.xctest */,
			);
			name = Products;
			sourceTree = "<group>";
		};
		755337171D0269920075B14C /* RaceType */ = {
			isa = PBXGroup;
			children = (
				755337181D0269920075B14C /* AppDelegate.swift */,
				7553371A1D0269920075B14C /* ViewController.swift */,
				7553371C1D0269920075B14C /* Main.storyboard */,
				7553371F1D0269920075B14C /* Assets.xcassets */,
				755337211D0269920075B14C /* LaunchScreen.storyboard */,
				755337241D0269920075B14C /* Info.plist */,
			);
			path = RaceType;
			sourceTree = "<group>";
		};
		7553372C1D0269920075B14C /* RaceTypeTests */ = {
			isa = PBXGroup;
			children = (
				7553372D1D0269920075B14C /* RaceTypeTests.swift */,
				7553372F1D0269920075B14C /* Info.plist */,
			);
			path = RaceTypeTests;
			sourceTree = "<group>";
		};
		755337371D0269920075B14C /* RaceTypeUITests */ = {
			isa = PBXGroup;
			children = (
				755337381D0269920075B14C /* RaceTypeUITests.swift */,
				7553373A1D0269920075B14C /* Info.plist */,
			);
			path = RaceTypeUITests;
			sourceTree = "<group>";
		};
/* End PBXGroup section */

/* Begin PBXNativeTarget section */
		755337141D0269920075B14C /* RaceType */ = {
			isa = PBXNativeTarget;
			buildConfigurationList = 7553373D1D0269920075B14C /* Build configuration list for PBXNativeTarget "RaceType" */;
			buildPhases = (
				755337111D0269920075B14C /* Sources */,
				755337121D0269920075B14C /* Frameworks */,
				755337131D0269920075B14C /* Resources */,
			);
			buildRules = (
			);
			dependencies = (
			);
			name = RaceType;
			productName = RaceType;
			productReference = 755337151D0269920075B14C /* RaceType.app */;
			productType = "com.apple.product-type.application";
		};
		755337281D0269920075B14C /* RaceTypeTests */ = {
			isa = PBXNativeTarget;
			buildConfigurationList = 755337401D0269920075B14C /* Build configuration list for PBXNativeTarget "RaceTypeTests" */;
			buildPhases = (
				755337251D0269920075B14C /* Sources */,
				755337261D0269920075B14C /* Frameworks */,
				755337271D0269920075B14C /* Resources */,
			);
			buildRules = (
			);
			dependencies = (
				7553372B1D0269920075B14C /* PBXTargetDependency */,
			);
			name = RaceTypeTests;
			productName = RaceTypeTests;
			productReference = 755337291D0269920075B14C /* RaceTypeTests.xctest */;
			productType = "com.apple.product-type.bundle.unit-test";
		};
		755337331D0269920075B14C /* RaceTypeUITests */ = {
			isa = PBXNativeTarget;
			buildConfigurationList = 755337431D0269920075B14C /* Build configuration list for PBXNativeTarget "RaceTypeUITests" */;
			buildPhases = (
				755337301D0269920075B14C /* Sources */,
				755337311D0269920075B14C /* Frameworks */,
				755337321D0269920075B14C /* Resources */,
			);
			buildRules = (
			);
			dependencies = (
				755337361D0269920075B14C /* PBXTargetDependency */,
			);
			name = RaceTypeUITests;
			productName = RaceTypeUITests;
			productReference = 755337341D0269920075B14C /* RaceTypeUITests.xctest */;
			productType = "com.apple.product-type.bundle.ui-testing";
		};
/* End PBXNativeTarget section */

/* Begin PBXProject section */
		7553370D1D0269920075B14C /* Project object */ = {
			isa = PBXProject;
			attributes = {
				LastSwiftUpdateCheck = 0730;
				LastUpgradeCheck = 0730;
				ORGANIZATIONNAME = Trisk;
				TargetAttributes = {
					755337141D0269920075B14C = {
						CreatedOnToolsVersion = 7.3.1;
						DevelopmentTeam = RM4PX252WN;
					};
					755337281D0269920075B14C = {
						CreatedOnToolsVersion = 7.3.1;
						DevelopmentTeam = RM4PX252WN;
						TestTargetID = 755337141D0269920075B14C;
					};
					755337331D0269920075B14C = {
						CreatedOnToolsVersion = 7.3.1;
						DevelopmentTeam = RM4PX252WN;
						TestTargetID = 755337141D0269920075B14C;
					};
				};
			};
			buildConfigurationList = 755337101D0269920075B14C /* Build configuration list for PBXProject "RaceType" */;
			compatibilityVersion = "Xcode 3.2";
			developmentRegion = English;
			hasScannedForEncodings = 0;
			knownRegions = (
				en,
				Base,
			);
			mainGroup = 7553370C1D0269920075B14C;
			productRefGroup = 755337161D0269920075B14C /* Products */;
			projectDirPath = "";
			projectRoot = "";
			targets = (
				755337141D0269920075B14C /* RaceType */,
				755337281D0269920075B14C /* RaceTypeTests */,
				755337331D0269920075B14C /* RaceTypeUITests */,
			);
		};
/* End PBXProject section */

/* Begin PBXResourcesBuildPhase section */
		755337131D0269920075B14C /* Resources */ = {
			isa = PBXResourcesBuildPhase;
			buildActionMask = 2147483647;
			files = (
				755337231D0269920075B14C /* LaunchScreen.storyboard in Resources */,
				755337201D0269920075B14C /* Assets.xcassets in Resources */,
				7553371E1D0269920075B14C /* Main.storyboard in Resources */,
			);
			runOnlyForDeploymentPostprocessing = 0;
		};
		755337271D0269920075B14C /* Resources */ = {
			isa = PBXResourcesBuildPhase;
			buildActionMask = 2147483647;
			files = (
			);
			runOnlyForDeploymentPostprocessing = 0;
		};
		755337321D0269920075B14C /* Resources */ = {
			isa = PBXResourcesBuildPhase;
			buildActionMask = 2147483647;
			files = (
			);
			runOnlyForDeploymentPostprocessing = 0;
		};
/* End PBXResourcesBuildPhase section */

/* Begin PBXSourcesBuildPhase section */
		755337111D0269920075B14C /* Sources */ = {
			isa = PBXSourcesBuildPhase;
			buildActionMask = 2147483647;
			files = (
				7553371B1D0269920075B14C /* ViewController.swift in Sources */,
				755337191D0269920075B14C /* AppDelegate.swift in Sources */,
			);
			runOnlyForDeploymentPostprocessing = 0;
		};
		755337251D0269920075B14C /* Sources */ = {
			isa = PBXSourcesBuildPhase;
			buildActionMask = 2147483647;
			files = (
				7553372E1D0269920075B14C /* RaceTypeTests.swift in Sources */,
			);
			runOnlyForDeploymentPostprocessing = 0;
		};
		755337301D0269920075B14C /* Sources */ = {
			isa = PBXSourcesBuildPhase;
			buildActionMask = 2147483647;
			files = (
				755337391D0269920075B14C /* RaceTypeUITests.swift in Sources */,
			);
			runOnlyForDeploymentPostprocessing = 0;
		};
/* End PBXSourcesBuildPhase section */

/* Begin PBXTargetDependency section */
		7553372B1D0269920075B14C /* PBXTargetDependency */ = {
			isa = PBXTargetDependency;
			target = 755337141D0269920075B14C /* RaceType */;
			targetProxy = 7553372A1D0269920075B14C /* PBXContainerItemProxy */;
		};
		755337361D0269920075B14C /* PBXTargetDependency */ = {
			isa = PBXTargetDependency;
			target = 755337141D0269920075B14C /* RaceType */;
			targetProxy = 755337351D0269920075B14C /* PBXContainerItemProxy */;
		};
/* End PBXTargetDependency section */

/* Begin PBXVariantGroup section */
		7553371C1D0269920075B14C /* Main.storyboard */ = {
			isa = PBXVariantGroup;
			children = (
				7553371D1D0269920075B14C /* Base */,
			);
			name = Main.storyboard;
			sourceTree = "<group>";
		};
		755337211D0269920075B14C /* LaunchScreen.storyboard */ = {
			isa = PBXVariantGroup;
			children = (
				755337221D0269920075B14C /* Base */,
			);
			name = LaunchScreen.storyboard;
			sourceTree = "<group>";
		};
/* End PBXVariantGroup section */

/* Begin XCBuildConfiguration section */
		7553373B1D0269920075B14C /* Debug */ = {
			isa = XCBuildConfiguration;
			buildSettings = {
				ALWAYS_SEARCH_USER_PATHS = NO;
				CLANG_ANALYZER_NONNULL = YES;
				CLANG_CXX_LANGUAGE_STANDARD = "gnu++0x";
				CLANG_CXX_LIBRARY = "libc++";
				CLANG_ENABLE_MODULES = YES;
				CLANG_ENABLE_OBJC_ARC = YES;
				CLANG_WARN_BOOL_CONVERSION = YES;
				CLANG_WARN_CONSTANT_CONVERSION = YES;
				CLANG_WARN_DIRECT_OBJC_ISA_USAGE = YES_ERROR;
				CLANG_WARN_EMPTY_BODY = YES;
				CLANG_WARN_ENUM_CONVERSION = YES;
				CLANG_WARN_INT_CONVERSION = YES;
				CLANG_WARN_OBJC_ROOT_CLASS = YES_ERROR;
				CLANG_WARN_UNREACHABLE_CODE = YES;
				CLANG_WARN__DUPLICATE_METHOD_MATCH = YES;
				"CODE_SIGN_IDENTITY[sdk=iphoneos*]" = "iPhone Developer";
				COPY_PHASE_STRIP = NO;
				DEBUG_INFORMATION_FORMAT = dwarf;
				ENABLE_STRICT_OBJC_MSGSEND = YES;
				ENABLE_TESTABILITY = YES;
				GCC_C_LANGUAGE_STANDARD = gnu99;
				GCC_DYNAMIC_NO_PIC = NO;
				GCC_NO_COMMON_BLOCKS = YES;
				GCC_OPTIMIZATION_LEVEL = 0;
				GCC_PREPROCESSOR_DEFINITIONS = (
					"DEBUG=1",
					"$(inherited)",
				);
				GCC_WARN_64_TO_32_BIT_CONVERSION = YES;
				GCC_WARN_ABOUT_RETURN_TYPE = YES_ERROR;
				GCC_WARN_UNDECLARED_SELECTOR = YES;
				GCC_WARN_UNINITIALIZED_AUTOS = YES_AGGRESSIVE;
				GCC_WARN_UNUSED_FUNCTION = YES;
				GCC_WARN_UNUSED_VARIABLE = YES;
				IPHONEOS_DEPLOYMENT_TARGET = 9.3;
				MTL_ENABLE_DEBUG_INFO = YES;
				ONLY_ACTIVE_ARCH = YES;
				SDKROOT = iphoneos;
				SWIFT_OPTIMIZATION_LEVEL = "-Onone";
				TARGETED_DEVICE_FAMILY = "1,2";
			};
			name = Debug;
		};
		7553373C1D0269920075B14C /* Release */ = {
			isa = XCBuildConfiguration;
			buildSettings = {
				ALWAYS_SEARCH_USER_PATHS = NO;
				CLANG_ANALYZER_NONNULL = YES;
				CLANG_CXX_LANGUAGE_STANDARD = "gnu++0x";
				CLANG_CXX_LIBRARY = "libc++";
				CLANG_ENABLE_MODULES = YES;
				CLANG_ENABLE_OBJC_ARC = YES;
				CLANG_WARN_BOOL_CONVERSION = YES;
				CLANG_WARN_CONSTANT_CONVERSION = YES;
				CLANG_WARN_DIRECT_OBJC_ISA_USAGE = YES_ERROR;
				CLANG_WARN_EMPTY_BODY = YES;
				CLANG_WARN_ENUM_CONVERSION = YES;
				CLANG_WARN_INT_CONVERSION = YES;
				CLANG_WARN_OBJC_ROOT_CLASS = YES_ERROR;
				CLANG_WARN_UNREACHABLE_CODE = YES;
				CLANG_WARN__DUPLICATE_METHOD_MATCH = YES;
				"CODE_SIGN_IDENTITY[sdk=iphoneos*]" = "iPhone Developer";
				COPY_PHASE_STRIP = NO;
				DEBUG_INFORMATION_FORMAT = "dwarf-with-dsym";
				ENABLE_NS_ASSERTIONS = NO;
				ENABLE_STRICT_OBJC_MSGSEND = YES;
				GCC_C_LANGUAGE_STANDARD = gnu99;
				GCC_NO_COMMON_BLOCKS = YES;
				GCC_WARN_64_TO_32_BIT_CONVERSION = YES;
				GCC_WARN_ABOUT_RETURN_TYPE = YES_ERROR;
				GCC_WARN_UNDECLARED_SELECTOR = YES;
				GCC_WARN_UNINITIALIZED_AUTOS = YES_AGGRESSIVE;
				GCC_WARN_UNUSED_FUNCTION = YES;
				GCC_WARN_UNUSED_VARIABLE = YES;
				IPHONEOS_DEPLOYMENT_TARGET = 9.3;
				MTL_ENABLE_DEBUG_INFO = NO;
				SDKROOT = iphoneos;
				TARGETED_DEVICE_FAMILY = "1,2";
				VALIDATE_PRODUCT = YES;
			};
			name = Release;
		};
		7553373E1D0269920075B14C /* Debug */ = {
			isa = XCBuildConfiguration;
			buildSettings = {
				ASSETCATALOG_COMPILER_APPICON_NAME = AppIcon;
				INFOPLIST_FILE = RaceType/Info.plist;
				LD_RUNPATH_SEARCH_PATHS = "$(inherited) @executable_path/Frameworks";
				PRODUCT_BUNDLE_IDENTIFIER = com.trisk.RaceType;
				PRODUCT_NAME = "$(TARGET_NAME)";
			};
			name = Debug;
		};
		7553373F1D0269920075B14C /* Release */ = {
			isa = XCBuildConfiguration;
			buildSettings = {
				ASSETCATALOG_COMPILER_APPICON_NAME = AppIcon;
				INFOPLIST_FILE = RaceType/Info.plist;
				LD_RUNPATH_SEARCH_PATHS = "$(inherited) @executable_path/Frameworks";
				PRODUCT_BUNDLE_IDENTIFIER = com.trisk.RaceType;
				PRODUCT_NAME = "$(TARGET_NAME)";
			};
			name = Release;
		};
		755337411D0269920075B14C /* Debug */ = {
			isa = XCBuildConfiguration;
			buildSettings = {
				BUNDLE_LOADER = "$(TEST_HOST)";
				INFOPLIST_FILE = RaceTypeTests/Info.plist;
				LD_RUNPATH_SEARCH_PATHS = "$(inherited) @executable_path/Frameworks @loader_path/Frameworks";
				PRODUCT_BUNDLE_IDENTIFIER = com.trisk.RaceTypeTests;
				PRODUCT_NAME = "$(TARGET_NAME)";
				TEST_HOST = "$(BUILT_PRODUCTS_DIR)/RaceType.app/RaceType";
			};
			name = Debug;
		};
		755337421D0269920075B14C /* Release */ = {
			isa = XCBuildConfiguration;
			buildSettings = {
				BUNDLE_LOADER = "$(TEST_HOST)";
				INFOPLIST_FILE = RaceTypeTests/Info.plist;
				LD_RUNPATH_SEARCH_PATHS = "$(inherited) @executable_path/Frameworks @loader_path/Frameworks";
				PRODUCT_BUNDLE_IDENTIFIER = com.trisk.RaceTypeTests;
				PRODUCT_NAME = "$(TARGET_NAME)";
				TEST_HOST = "$(BUILT_PRODUCTS_DIR)/RaceType.app/RaceType";
			};
			name = Release;
		};
		755337441D0269920075B14C /* Debug */ = {
			isa = XCBuildConfiguration;
			buildSettings = {
				INFOPLIST_FILE = RaceTypeUITests/Info.plist;
				LD_RUNPATH_SEARCH_PATHS = "$(inherited) @executable_path/Frameworks @loader_path/Frameworks";
				PRODUCT_BUNDLE_IDENTIFIER = com.trisk.RaceTypeUITests;
				PRODUCT_NAME = "$(TARGET_NAME)";
				TEST_TARGET_NAME = RaceType;
			};
			name = Debug;
		};
		755337451D0269920075B14C /* Release */ = {
			isa = XCBuildConfiguration;
			buildSettings = {
				INFOPLIST_FILE = RaceTypeUITests/Info.plist;
				LD_RUNPATH_SEARCH_PATHS = "$(inherited) @executable_path/Frameworks @loader_path/Frameworks";
				PRODUCT_BUNDLE_IDENTIFIER = com.trisk.RaceTypeUITests;
				PRODUCT_NAME = "$(TARGET_NAME)";
				TEST_TARGET_NAME = RaceType;
			};
			name = Release;
		};
/* End XCBuildConfiguration section */

/* Begin XCConfigurationList section */
		755337101D0269920075B14C /* Build configuration list for PBXProject "RaceType" */ = {
			isa = XCConfigurationList;
			buildConfigurations = (
				7553373B1D0269920075B14C /* Debug */,
				7553373C1D0269920075B14C /* Release */,
			);
			defaultConfigurationIsVisible = 0;
			defaultConfigurationName = Release;
		};
		7553373D1D0269920075B14C /* Build configuration list for PBXNativeTarget "RaceType" */ = {
			isa = XCConfigurationList;
			buildConfigurations = (
				7553373E1D0269920075B14C /* Debug */,
				7553373F1D0269920075B14C /* Release */,
			);
			defaultConfigurationIsVisible = 0;
		};
		755337401D0269920075B14C /* Build configuration list for PBXNativeTarget "RaceTypeTests" */ = {
			isa = XCConfigurationList;
			buildConfigurations = (
				755337411D0269920075B14C /* Debug */,
				755337421D0269920075B14C /* Release */,
			);
			defaultConfigurationIsVisible = 0;
		};
		755337431D0269920075B14C /* Build configuration list for PBXNativeTarget "RaceTypeUITests" */ = {
			isa = XCConfigurationList;
			buildConfigurations = (
				755337441D0269920075B14C /* Debug */,
				755337451D0269920075B14C /* Release */,
			);
			defaultConfigurationIsVisible = 0;
		};
/* End XCConfigurationList section */
	};
	rootObject = 7553370D1D0269920075B14C /* Project object */;
}
